
Microsoft Visual Studio Solution File, Format Version 12.00
# Visual Studio 15
VisualStudioVersion = 15.0.27428.2043
MinimumVisualStudioVersion = 10.0.40219.1
Project("{FAE04EC0-301F-11D3-BF4B-00C04F79EFBC}") = "easyfft.Core", "easyfft\easyfft.Core\easyfft.Core.csproj", "{0597AEE8-22B3-4635-86BF-FB832399983E}"
EndProject
Project("{FAE04EC0-301F-11D3-BF4B-00C04F79EFBC}") = "easyfft.Droid", "easyfft\easyfft.Droid\easyfft.Droid.csproj", "{B9DC4487-7908-4459-89E3-92D3465140EA}"
EndProject
Project("{FAE04EC0-301F-11D3-BF4B-00C04F79EFBC}") = "easyfft.iOS", "easyfft\easyfft.iOS\easyfft.iOS.csproj", "{8C66295F-0A72-4702-877A-26FE572CE103}"
EndProject
Global
	GlobalSection(SolutionConfigurationPlatforms) = preSolution
		Ad-Hoc|Any CPU = Ad-Hoc|Any CPU
		Ad-Hoc|iPhone = Ad-Hoc|iPhone
		Ad-Hoc|iPhoneSimulator = Ad-Hoc|iPhoneSimulator
		AppStore|Any CPU = AppStore|Any CPU
		AppStore|iPhone = AppStore|iPhone
		AppStore|iPhoneSimulator = AppStore|iPhoneSimulator
		Debug|Any CPU = Debug|Any CPU
		Debug|iPhone = Debug|iPhone
		Debug|iPhoneSimulator = Debug|iPhoneSimulator
		Release|Any CPU = Release|Any CPU
		Release|iPhone = Release|iPhone
		Release|iPhoneSimulator = Release|iPhoneSimulator
	EndGlobalSection
	GlobalSection(ProjectConfigurationPlatforms) = postSolution
		{0597AEE8-22B3-4635-86BF-FB832399983E}.Ad-Hoc|Any CPU.ActiveCfg = Debug|Any CPU
		{0597AEE8-22B3-4635-86BF-FB832399983E}.Ad-Hoc|Any CPU.Build.0 = Debug|Any CPU
		{0597AEE8-22B3-4635-86BF-FB832399983E}.Ad-Hoc|iPhone.ActiveCfg = Debug|Any CPU
		{0597AEE8-22B3-4635-86BF-FB832399983E}.Ad-Hoc|iPhone.Build.0 = Debug|Any CPU
		{0597AEE8-22B3-4635-86BF-FB832399983E}.Ad-Hoc|iPhoneSimulator.ActiveCfg = Debug|Any CPU
		{0597AEE8-22B3-4635-86BF-FB832399983E}.Ad-Hoc|iPhoneSimulator.Build.0 = Debug|Any CPU
		{0597AEE8-22B3-4635-86BF-FB832399983E}.AppStore|Any CPU.ActiveCfg = Debug|Any CPU
		{0597AEE8-22B3-4635-86BF-FB832399983E}.AppStore|Any CPU.Build.0 = Debug|Any CPU
		{0597AEE8-22B3-4635-86BF-FB832399983E}.AppStore|iPhone.ActiveCfg = Debug|Any CPU
		{0597AEE8-22B3-4635-86BF-FB832399983E}.AppStore|iPhone.Build.0 = Debug|Any CPU
		{0597AEE8-22B3-4635-86BF-FB832399983E}.AppStore|iPhoneSimulator.ActiveCfg = Debug|Any CPU
		{0597AEE8-22B3-4635-86BF-FB832399983E}.AppStore|iPhoneSimulator.Build.0 = Debug|Any CPU
		{0597AEE8-22B3-4635-86BF-FB832399983E}.Debug|Any CPU.ActiveCfg = Debug|Any CPU
		{0597AEE8-22B3-4635-86BF-FB832399983E}.Debug|Any CPU.Build.0 = Debug|Any CPU
		{0597AEE8-22B3-4635-86BF-FB832399983E}.Debug|iPhone.ActiveCfg = Debug|Any CPU
		{0597AEE8-22B3-4635-86BF-FB832399983E}.Debug|iPhone.Build.0 = Debug|Any CPU
		{0597AEE8-22B3-4635-86BF-FB832399983E}.Debug|iPhoneSimulator.ActiveCfg = Debug|Any CPU
		{0597AEE8-22B3-4635-86BF-FB832399983E}.Debug|iPhoneSimulator.Build.0 = Debug|Any CPU
		{0597AEE8-22B3-4635-86BF-FB832399983E}.Release|Any CPU.ActiveCfg = Release|Any CPU
		{0597AEE8-22B3-4635-86BF-FB832399983E}.Release|Any CPU.Build.0 = Release|Any CPU
		{0597AEE8-22B3-4635-86BF-FB832399983E}.Release|iPhone.ActiveCfg = Release|Any CPU
		{0597AEE8-22B3-4635-86BF-FB832399983E}.Release|iPhone.Build.0 = Release|Any CPU
		{0597AEE8-22B3-4635-86BF-FB832399983E}.Release|iPhoneSimulator.ActiveCfg = Release|Any CPU
		{0597AEE8-22B3-4635-86BF-FB832399983E}.Release|iPhoneSimulator.Build.0 = Release|Any CPU
		{B9DC4487-7908-4459-89E3-92D3465140EA}.Ad-Hoc|Any CPU.ActiveCfg = Release|Any CPU
		{B9DC4487-7908-4459-89E3-92D3465140EA}.Ad-Hoc|Any CPU.Build.0 = Release|Any CPU
		{B9DC4487-7908-4459-89E3-92D3465140EA}.Ad-Hoc|Any CPU.Deploy.0 = Release|Any CPU
		{B9DC4487-7908-4459-89E3-92D3465140EA}.Ad-Hoc|iPhone.ActiveCfg = Release|Any CPU
		{B9DC4487-7908-4459-89E3-92D3465140EA}.Ad-Hoc|iPhone.Build.0 = Release|Any CPU
		{B9DC4487-7908-4459-89E3-92D3465140EA}.Ad-Hoc|iPhone.Deploy.0 = Release|Any CPU
		{B9DC4487-7908-4459-89E3-92D3465140EA}.Ad-Hoc|iPhoneSimulator.ActiveCfg = Release|Any CPU
		{B9DC4487-7908-4459-89E3-92D3465140EA}.Ad-Hoc|iPhoneSimulator.Build.0 = Release|Any CPU
		{B9DC4487-7908-4459-89E3-92D3465140EA}.Ad-Hoc|iPhoneSimulator.Deploy.0 = Release|Any CPU
		{B9DC4487-7908-4459-89E3-92D3465140EA}.AppStore|Any CPU.ActiveCfg = Release|Any CPU
		{B9DC4487-7908-4459-89E3-92D3465140EA}.AppStore|Any CPU.Build.0 = Release|Any CPU
		{B9DC4487-7908-4459-89E3-92D3465140EA}.AppStore|Any CPU.Deploy.0 = Release|Any CPU
		{B9DC4487-7908-4459-89E3-92D3465140EA}.AppStore|iPhone.ActiveCfg = Release|Any CPU
		{B9DC4487-7908-4459-89E3-92D3465140EA}.AppStore|iPhone.Build.0 = Release|Any CPU
		{B9DC4487-7908-4459-89E3-92D3465140EA}.AppStore|iPhone.Deploy.0 = Release|Any CPU
		{B9DC4487-7908-4459-89E3-92D3465140EA}.AppStore|iPhoneSimulator.ActiveCfg = Release|Any CPU
		{B9DC4487-7908-4459-89E3-92D3465140EA}.AppStore|iPhoneSimulator.Build.0 = Release|Any CPU
		{B9DC4487-7908-4459-89E3-92D3465140EA}.AppStore|iPhoneSimulator.Deploy.0 = Release|Any CPU
		{B9DC4487-7908-4459-89E3-92D3465140EA}.Debug|Any CPU.ActiveCfg = Debug|Any CPU
		{B9DC4487-7908-4459-89E3-92D3465140EA}.Debug|Any CPU.Build.0 = Debug|Any CPU
		{B9DC4487-7908-4459-89E3-92D3465140EA}.Debug|Any CPU.Deploy.0 = Debug|Any CPU
		{B9DC4487-7908-4459-89E3-92D3465140EA}.Debug|iPhone.ActiveCfg = Debug|Any CPU
		{B9DC4487-7908-4459-89E3-92D3465140EA}.Debug|iPhone.Build.0 = Debug|Any CPU
		{B9DC4487-7908-4459-89E3-92D3465140EA}.Debug|iPhone.Deploy.0 = Debug|Any CPU
		{B9DC4487-7908-4459-89E3-92D3465140EA}.Debug|iPhoneSimulator.ActiveCfg = Debug|Any CPU
		{B9DC4487-7908-4459-89E3-92D3465140EA}.Debug|iPhoneSimulator.Build.0 = Debug|Any CPU
		{B9DC4487-7908-4459-89E3-92D3465140EA}.Debug|iPhoneSimulator.Deploy.0 = Debug|Any CPU
		{B9DC4487-7908-4459-89E3-92D3465140EA}.Release|Any CPU.ActiveCfg = Release|Any CPU
		{B9DC4487-7908-4459-89E3-92D3465140EA}.Release|Any CPU.Build.0 = Release|Any CPU
		{B9DC4487-7908-4459-89E3-92D3465140EA}.Release|Any CPU.Deploy.0 = Release|Any CPU
		{B9DC4487-7908-4459-89E3-92D3465140EA}.Release|iPhone.ActiveCfg = Release|Any CPU
		{B9DC4487-7908-4459-89E3-92D3465140EA}.Release|iPhone.Build.0 = Release|Any CPU
		{B9DC4487-7908-4459-89E3-92D3465140EA}.Release|iPhone.Deploy.0 = Release|Any CPU
		{B9DC4487-7908-4459-89E3-92D3465140EA}.Release|iPhoneSimulator.ActiveCfg = Release|Any CPU
		{B9DC4487-7908-4459-89E3-92D3465140EA}.Release|iPhoneSimulator.Build.0 = Release|Any CPU
		{B9DC4487-7908-4459-89E3-92D3465140EA}.Release|iPhoneSimulator.Deploy.0 = Release|Any CPU
		{8C66295F-0A72-4702-877A-26FE572CE103}.Ad-Hoc|Any CPU.ActiveCfg = Ad-Hoc|iPhone
		{8C66295F-0A72-4702-877A-26FE572CE103}.Ad-Hoc|iPhone.ActiveCfg = Ad-Hoc|iPhone
		{8C66295F-0A72-4702-877A-26FE572CE103}.Ad-Hoc|iPhone.Build.0 = Ad-Hoc|iPhone
		{8C66295F-0A72-4702-877A-26FE572CE103}.Ad-Hoc|iPhoneSimulator.ActiveCfg = Ad-Hoc|iPhoneSimulator
		{8C66295F-0A72-4702-877A-26FE572CE103}.Ad-Hoc|iPhoneSimulator.Build.0 = Ad-Hoc|iPhoneSimulator
		{8C66295F-0A72-4702-877A-26FE572CE103}.AppStore|Any CPU.ActiveCfg = AppStore|iPhone
		{8C66295F-0A72-4702-877A-26FE572CE103}.AppStore|iPhone.ActiveCfg = AppStore|iPhone
		{8C66295F-0A72-4702-877A-26FE572CE103}.AppStore|iPhone.Build.0 = AppStore|iPhone
		{8C66295F-0A72-4702-877A-26FE572CE103}.AppStore|iPhoneSimulator.ActiveCfg = AppStore|iPhoneSimulator
		{8C66295F-0A72-4702-877A-26FE572CE103}.AppStore|iPhoneSimulator.Build.0 = AppStore|iPhoneSimulator
		{8C66295F-0A72-4702-877A-26FE572CE103}.Debug|Any CPU.ActiveCfg = Debug|iPhone
		{8C66295F-0A72-4702-877A-26FE572CE103}.Debug|iPhone.ActiveCfg = Debug|iPhone
		{8C66295F-0A72-4702-877A-26FE572CE103}.Debug|iPhone.Build.0 = Debug|iPhone
		{8C66295F-0A72-4702-877A-26FE572CE103}.Debug|iPhoneSimulator.ActiveCfg = Debug|iPhoneSimulator
		{8C66295F-0A72-4702-877A-26FE572CE103}.Debug|iPhoneSimulator.Build.0 = Debug|iPhoneSimulator
		{8C66295F-0A72-4702-877A-26FE572CE103}.Release|Any CPU.ActiveCfg = Release|iPhone
		{8C66295F-0A72-4702-877A-26FE572CE103}.Release|iPhone.ActiveCfg = Release|iPhone
		{8C66295F-0A72-4702-877A-26FE572CE103}.Release|iPhone.Build.0 = Release|iPhone
		{8C66295F-0A72-4702-877A-26FE572CE103}.Release|iPhoneSimulator.ActiveCfg = Release|iPhoneSimulator
		{8C66295F-0A72-4702-877A-26FE572CE103}.Release|iPhoneSimulator.Build.0 = Release|iPhoneSimulator
	EndGlobalSection
	GlobalSection(SolutionProperties) = preSolution
		HideSolutionNode = FALSE
	EndGlobalSection
	GlobalSection(ExtensibilityGlobals) = postSolution
		SolutionGuid = {17A83DB9-7005-4E0E-B7A2-FD24B8B50DEA}
	EndGlobalSection
EndGlobal
