
Microsoft Visual Studio Solution File, Format Version 12.00
# Visual Studio 15
VisualStudioVersion = 15.0.26730.12
MinimumVisualStudioVersion = 10.0.40219.1
Project("{FAE04EC0-301F-11D3-BF4B-00C04F79EFBC}") = "easyfft.Droid", "easyfft.Droid\easyfft.Droid.csproj", "{B9DC4487-7908-4459-89E3-92D3465140EA}"
EndProject
Project("{9A19103F-16F7-4668-BE54-9A1E7A4F7556}") = "easyfft.Core", "easyfft.Core\easyfft.Core.csproj", "{4C883937-3CBE-4AF5-9D9A-EA642C66E45D}"
EndProject
Project("{FAE04EC0-301F-11D3-BF4B-00C04F79EFBC}") = "easyfft.iOS", "easyfft.iOS\easyfft.iOS.csproj", "{8C66295F-0A72-4702-877A-26FE572CE103}"
EndProject
Project("{FAE04EC0-301F-11D3-BF4B-00C04F79EFBC}") = "easyfft.UWP", "easyfft.UWP\easyfft.UWP.csproj", "{29E3FE7F-E28B-4D92-8F83-6B5B3F54ACA9}"
EndProject
Project("{FAE04EC0-301F-11D3-BF4B-00C04F79EFBC}") = "easyfft.WPF", "easyfft.WPF\easyfft.WPF.csproj", "{AA376E48-B180-4511-A676-ADF0BCC972A7}"
EndProject
Global
	GlobalSection(SolutionConfigurationPlatforms) = preSolution
		Ad-Hoc|Any CPU = Ad-Hoc|Any CPU
		Ad-Hoc|ARM = Ad-Hoc|ARM
		Ad-Hoc|iPhone = Ad-Hoc|iPhone
		Ad-Hoc|iPhoneSimulator = Ad-Hoc|iPhoneSimulator
		Ad-Hoc|x64 = Ad-Hoc|x64
		Ad-Hoc|x86 = Ad-Hoc|x86
		AppStore|Any CPU = AppStore|Any CPU
		AppStore|ARM = AppStore|ARM
		AppStore|iPhone = AppStore|iPhone
		AppStore|iPhoneSimulator = AppStore|iPhoneSimulator
		AppStore|x64 = AppStore|x64
		AppStore|x86 = AppStore|x86
		Debug|Any CPU = Debug|Any CPU
		Debug|ARM = Debug|ARM
		Debug|iPhone = Debug|iPhone
		Debug|iPhoneSimulator = Debug|iPhoneSimulator
		Debug|x64 = Debug|x64
		Debug|x86 = Debug|x86
		Release|Any CPU = Release|Any CPU
		Release|ARM = Release|ARM
		Release|iPhone = Release|iPhone
		Release|iPhoneSimulator = Release|iPhoneSimulator
		Release|x64 = Release|x64
		Release|x86 = Release|x86
	EndGlobalSection
	GlobalSection(ProjectConfigurationPlatforms) = postSolution
		{B9DC4487-7908-4459-89E3-92D3465140EA}.Ad-Hoc|Any CPU.ActiveCfg = Release|Any CPU
		{B9DC4487-7908-4459-89E3-92D3465140EA}.Ad-Hoc|Any CPU.Build.0 = Release|Any CPU
		{B9DC4487-7908-4459-89E3-92D3465140EA}.Ad-Hoc|Any CPU.Deploy.0 = Release|Any CPU
		{B9DC4487-7908-4459-89E3-92D3465140EA}.Ad-Hoc|ARM.ActiveCfg = Release|Any CPU
		{B9DC4487-7908-4459-89E3-92D3465140EA}.Ad-Hoc|ARM.Build.0 = Release|Any CPU
		{B9DC4487-7908-4459-89E3-92D3465140EA}.Ad-Hoc|ARM.Deploy.0 = Release|Any CPU
		{B9DC4487-7908-4459-89E3-92D3465140EA}.Ad-Hoc|iPhone.ActiveCfg = Release|Any CPU
		{B9DC4487-7908-4459-89E3-92D3465140EA}.Ad-Hoc|iPhone.Build.0 = Release|Any CPU
		{B9DC4487-7908-4459-89E3-92D3465140EA}.Ad-Hoc|iPhone.Deploy.0 = Release|Any CPU
		{B9DC4487-7908-4459-89E3-92D3465140EA}.Ad-Hoc|iPhoneSimulator.ActiveCfg = Release|Any CPU
		{B9DC4487-7908-4459-89E3-92D3465140EA}.Ad-Hoc|iPhoneSimulator.Build.0 = Release|Any CPU
		{B9DC4487-7908-4459-89E3-92D3465140EA}.Ad-Hoc|iPhoneSimulator.Deploy.0 = Release|Any CPU
		{B9DC4487-7908-4459-89E3-92D3465140EA}.Ad-Hoc|x64.ActiveCfg = Release|Any CPU
		{B9DC4487-7908-4459-89E3-92D3465140EA}.Ad-Hoc|x64.Build.0 = Release|Any CPU
		{B9DC4487-7908-4459-89E3-92D3465140EA}.Ad-Hoc|x64.Deploy.0 = Release|Any CPU
		{B9DC4487-7908-4459-89E3-92D3465140EA}.Ad-Hoc|x86.ActiveCfg = Release|Any CPU
		{B9DC4487-7908-4459-89E3-92D3465140EA}.Ad-Hoc|x86.Build.0 = Release|Any CPU
		{B9DC4487-7908-4459-89E3-92D3465140EA}.Ad-Hoc|x86.Deploy.0 = Release|Any CPU
		{B9DC4487-7908-4459-89E3-92D3465140EA}.AppStore|Any CPU.ActiveCfg = Release|Any CPU
		{B9DC4487-7908-4459-89E3-92D3465140EA}.AppStore|Any CPU.Build.0 = Release|Any CPU
		{B9DC4487-7908-4459-89E3-92D3465140EA}.AppStore|Any CPU.Deploy.0 = Release|Any CPU
		{B9DC4487-7908-4459-89E3-92D3465140EA}.AppStore|ARM.ActiveCfg = Release|Any CPU
		{B9DC4487-7908-4459-89E3-92D3465140EA}.AppStore|ARM.Build.0 = Release|Any CPU
		{B9DC4487-7908-4459-89E3-92D3465140EA}.AppStore|ARM.Deploy.0 = Release|Any CPU
		{B9DC4487-7908-4459-89E3-92D3465140EA}.AppStore|iPhone.ActiveCfg = Release|Any CPU
		{B9DC4487-7908-4459-89E3-92D3465140EA}.AppStore|iPhone.Build.0 = Release|Any CPU
		{B9DC4487-7908-4459-89E3-92D3465140EA}.AppStore|iPhone.Deploy.0 = Release|Any CPU
		{B9DC4487-7908-4459-89E3-92D3465140EA}.AppStore|iPhoneSimulator.ActiveCfg = Release|Any CPU
		{B9DC4487-7908-4459-89E3-92D3465140EA}.AppStore|iPhoneSimulator.Build.0 = Release|Any CPU
		{B9DC4487-7908-4459-89E3-92D3465140EA}.AppStore|iPhoneSimulator.Deploy.0 = Release|Any CPU
		{B9DC4487-7908-4459-89E3-92D3465140EA}.AppStore|x64.ActiveCfg = Release|Any CPU
		{B9DC4487-7908-4459-89E3-92D3465140EA}.AppStore|x64.Build.0 = Release|Any CPU
		{B9DC4487-7908-4459-89E3-92D3465140EA}.AppStore|x64.Deploy.0 = Release|Any CPU
		{B9DC4487-7908-4459-89E3-92D3465140EA}.AppStore|x86.ActiveCfg = Release|Any CPU
		{B9DC4487-7908-4459-89E3-92D3465140EA}.AppStore|x86.Build.0 = Release|Any CPU
		{B9DC4487-7908-4459-89E3-92D3465140EA}.AppStore|x86.Deploy.0 = Release|Any CPU
		{B9DC4487-7908-4459-89E3-92D3465140EA}.Debug|Any CPU.ActiveCfg = Debug|Any CPU
		{B9DC4487-7908-4459-89E3-92D3465140EA}.Debug|Any CPU.Build.0 = Debug|Any CPU
		{B9DC4487-7908-4459-89E3-92D3465140EA}.Debug|ARM.ActiveCfg = Debug|Any CPU
		{B9DC4487-7908-4459-89E3-92D3465140EA}.Debug|ARM.Build.0 = Debug|Any CPU
		{B9DC4487-7908-4459-89E3-92D3465140EA}.Debug|ARM.Deploy.0 = Debug|Any CPU
		{B9DC4487-7908-4459-89E3-92D3465140EA}.Debug|iPhone.ActiveCfg = Debug|Any CPU
		{B9DC4487-7908-4459-89E3-92D3465140EA}.Debug|iPhone.Build.0 = Debug|Any CPU
		{B9DC4487-7908-4459-89E3-92D3465140EA}.Debug|iPhone.Deploy.0 = Debug|Any CPU
		{B9DC4487-7908-4459-89E3-92D3465140EA}.Debug|iPhoneSimulator.ActiveCfg = Debug|Any CPU
		{B9DC4487-7908-4459-89E3-92D3465140EA}.Debug|iPhoneSimulator.Build.0 = Debug|Any CPU
		{B9DC4487-7908-4459-89E3-92D3465140EA}.Debug|iPhoneSimulator.Deploy.0 = Debug|Any CPU
		{B9DC4487-7908-4459-89E3-92D3465140EA}.Debug|x64.ActiveCfg = Debug|Any CPU
		{B9DC4487-7908-4459-89E3-92D3465140EA}.Debug|x64.Build.0 = Debug|Any CPU
		{B9DC4487-7908-4459-89E3-92D3465140EA}.Debug|x64.Deploy.0 = Debug|Any CPU
		{B9DC4487-7908-4459-89E3-92D3465140EA}.Debug|x86.ActiveCfg = Debug|Any CPU
		{B9DC4487-7908-4459-89E3-92D3465140EA}.Debug|x86.Build.0 = Debug|Any CPU
		{B9DC4487-7908-4459-89E3-92D3465140EA}.Debug|x86.Deploy.0 = Debug|Any CPU
		{B9DC4487-7908-4459-89E3-92D3465140EA}.Release|Any CPU.ActiveCfg = Release|Any CPU
		{B9DC4487-7908-4459-89E3-92D3465140EA}.Release|ARM.ActiveCfg = Release|Any CPU
		{B9DC4487-7908-4459-89E3-92D3465140EA}.Release|ARM.Build.0 = Release|Any CPU
		{B9DC4487-7908-4459-89E3-92D3465140EA}.Release|ARM.Deploy.0 = Release|Any CPU
		{B9DC4487-7908-4459-89E3-92D3465140EA}.Release|iPhone.ActiveCfg = Release|Any CPU
		{B9DC4487-7908-4459-89E3-92D3465140EA}.Release|iPhone.Build.0 = Release|Any CPU
		{B9DC4487-7908-4459-89E3-92D3465140EA}.Release|iPhone.Deploy.0 = Release|Any CPU
		{B9DC4487-7908-4459-89E3-92D3465140EA}.Release|iPhoneSimulator.ActiveCfg = Release|Any CPU
		{B9DC4487-7908-4459-89E3-92D3465140EA}.Release|iPhoneSimulator.Build.0 = Release|Any CPU
		{B9DC4487-7908-4459-89E3-92D3465140EA}.Release|iPhoneSimulator.Deploy.0 = Release|Any CPU
		{B9DC4487-7908-4459-89E3-92D3465140EA}.Release|x64.ActiveCfg = Release|Any CPU
		{B9DC4487-7908-4459-89E3-92D3465140EA}.Release|x64.Build.0 = Release|Any CPU
		{B9DC4487-7908-4459-89E3-92D3465140EA}.Release|x64.Deploy.0 = Release|Any CPU
		{B9DC4487-7908-4459-89E3-92D3465140EA}.Release|x86.ActiveCfg = Release|Any CPU
		{B9DC4487-7908-4459-89E3-92D3465140EA}.Release|x86.Build.0 = Release|Any CPU
		{B9DC4487-7908-4459-89E3-92D3465140EA}.Release|x86.Deploy.0 = Release|Any CPU
		{4C883937-3CBE-4AF5-9D9A-EA642C66E45D}.Ad-Hoc|Any CPU.ActiveCfg = Release|Any CPU
		{4C883937-3CBE-4AF5-9D9A-EA642C66E45D}.Ad-Hoc|Any CPU.Build.0 = Release|Any CPU
		{4C883937-3CBE-4AF5-9D9A-EA642C66E45D}.Ad-Hoc|ARM.ActiveCfg = Release|Any CPU
		{4C883937-3CBE-4AF5-9D9A-EA642C66E45D}.Ad-Hoc|ARM.Build.0 = Release|Any CPU
		{4C883937-3CBE-4AF5-9D9A-EA642C66E45D}.Ad-Hoc|iPhone.ActiveCfg = Release|Any CPU
		{4C883937-3CBE-4AF5-9D9A-EA642C66E45D}.Ad-Hoc|iPhone.Build.0 = Release|Any CPU
		{4C883937-3CBE-4AF5-9D9A-EA642C66E45D}.Ad-Hoc|iPhoneSimulator.ActiveCfg = Release|Any CPU
		{4C883937-3CBE-4AF5-9D9A-EA642C66E45D}.Ad-Hoc|iPhoneSimulator.Build.0 = Release|Any CPU
		{4C883937-3CBE-4AF5-9D9A-EA642C66E45D}.Ad-Hoc|x64.ActiveCfg = Release|Any CPU
		{4C883937-3CBE-4AF5-9D9A-EA642C66E45D}.Ad-Hoc|x64.Build.0 = Release|Any CPU
		{4C883937-3CBE-4AF5-9D9A-EA642C66E45D}.Ad-Hoc|x86.ActiveCfg = Release|Any CPU
		{4C883937-3CBE-4AF5-9D9A-EA642C66E45D}.Ad-Hoc|x86.Build.0 = Release|Any CPU
		{4C883937-3CBE-4AF5-9D9A-EA642C66E45D}.AppStore|Any CPU.ActiveCfg = Release|Any CPU
		{4C883937-3CBE-4AF5-9D9A-EA642C66E45D}.AppStore|Any CPU.Build.0 = Release|Any CPU
		{4C883937-3CBE-4AF5-9D9A-EA642C66E45D}.AppStore|ARM.ActiveCfg = Release|Any CPU
		{4C883937-3CBE-4AF5-9D9A-EA642C66E45D}.AppStore|ARM.Build.0 = Release|Any CPU
		{4C883937-3CBE-4AF5-9D9A-EA642C66E45D}.AppStore|iPhone.ActiveCfg = Release|Any CPU
		{4C883937-3CBE-4AF5-9D9A-EA642C66E45D}.AppStore|iPhone.Build.0 = Release|Any CPU
		{4C883937-3CBE-4AF5-9D9A-EA642C66E45D}.AppStore|iPhoneSimulator.ActiveCfg = Release|Any CPU
		{4C883937-3CBE-4AF5-9D9A-EA642C66E45D}.AppStore|iPhoneSimulator.Build.0 = Release|Any CPU
		{4C883937-3CBE-4AF5-9D9A-EA642C66E45D}.AppStore|x64.ActiveCfg = Release|Any CPU
		{4C883937-3CBE-4AF5-9D9A-EA642C66E45D}.AppStore|x64.Build.0 = Release|Any CPU
		{4C883937-3CBE-4AF5-9D9A-EA642C66E45D}.AppStore|x86.ActiveCfg = Release|Any CPU
		{4C883937-3CBE-4AF5-9D9A-EA642C66E45D}.AppStore|x86.Build.0 = Release|Any CPU
		{4C883937-3CBE-4AF5-9D9A-EA642C66E45D}.Debug|Any CPU.ActiveCfg = Debug|Any CPU
		{4C883937-3CBE-4AF5-9D9A-EA642C66E45D}.Debug|Any CPU.Build.0 = Debug|Any CPU
		{4C883937-3CBE-4AF5-9D9A-EA642C66E45D}.Debug|ARM.ActiveCfg = Debug|Any CPU
		{4C883937-3CBE-4AF5-9D9A-EA642C66E45D}.Debug|ARM.Build.0 = Debug|Any CPU
		{4C883937-3CBE-4AF5-9D9A-EA642C66E45D}.Debug|iPhone.ActiveCfg = Debug|Any CPU
		{4C883937-3CBE-4AF5-9D9A-EA642C66E45D}.Debug|iPhone.Build.0 = Debug|Any CPU
		{4C883937-3CBE-4AF5-9D9A-EA642C66E45D}.Debug|iPhoneSimulator.ActiveCfg = Debug|Any CPU
		{4C883937-3CBE-4AF5-9D9A-EA642C66E45D}.Debug|iPhoneSimulator.Build.0 = Debug|Any CPU
		{4C883937-3CBE-4AF5-9D9A-EA642C66E45D}.Debug|x64.ActiveCfg = Debug|Any CPU
		{4C883937-3CBE-4AF5-9D9A-EA642C66E45D}.Debug|x64.Build.0 = Debug|Any CPU
		{4C883937-3CBE-4AF5-9D9A-EA642C66E45D}.Debug|x86.ActiveCfg = Debug|Any CPU
		{4C883937-3CBE-4AF5-9D9A-EA642C66E45D}.Debug|x86.Build.0 = Debug|Any CPU
		{4C883937-3CBE-4AF5-9D9A-EA642C66E45D}.Release|Any CPU.ActiveCfg = Release|Any CPU
		{4C883937-3CBE-4AF5-9D9A-EA642C66E45D}.Release|ARM.ActiveCfg = Release|Any CPU
		{4C883937-3CBE-4AF5-9D9A-EA642C66E45D}.Release|ARM.Build.0 = Release|Any CPU
		{4C883937-3CBE-4AF5-9D9A-EA642C66E45D}.Release|iPhone.ActiveCfg = Release|Any CPU
		{4C883937-3CBE-4AF5-9D9A-EA642C66E45D}.Release|iPhone.Build.0 = Release|Any CPU
		{4C883937-3CBE-4AF5-9D9A-EA642C66E45D}.Release|iPhoneSimulator.ActiveCfg = Release|Any CPU
		{4C883937-3CBE-4AF5-9D9A-EA642C66E45D}.Release|iPhoneSimulator.Build.0 = Release|Any CPU
		{4C883937-3CBE-4AF5-9D9A-EA642C66E45D}.Release|x64.ActiveCfg = Release|Any CPU
		{4C883937-3CBE-4AF5-9D9A-EA642C66E45D}.Release|x64.Build.0 = Release|Any CPU
		{4C883937-3CBE-4AF5-9D9A-EA642C66E45D}.Release|x86.ActiveCfg = Release|Any CPU
		{4C883937-3CBE-4AF5-9D9A-EA642C66E45D}.Release|x86.Build.0 = Release|Any CPU
		{8C66295F-0A72-4702-877A-26FE572CE103}.Ad-Hoc|Any CPU.ActiveCfg = Ad-Hoc|iPhone
		{8C66295F-0A72-4702-877A-26FE572CE103}.Ad-Hoc|ARM.ActiveCfg = Ad-Hoc|iPhone
		{8C66295F-0A72-4702-877A-26FE572CE103}.Ad-Hoc|iPhone.ActiveCfg = Ad-Hoc|iPhone
		{8C66295F-0A72-4702-877A-26FE572CE103}.Ad-Hoc|iPhone.Build.0 = Ad-Hoc|iPhone
		{8C66295F-0A72-4702-877A-26FE572CE103}.Ad-Hoc|iPhoneSimulator.ActiveCfg = Ad-Hoc|iPhoneSimulator
		{8C66295F-0A72-4702-877A-26FE572CE103}.Ad-Hoc|iPhoneSimulator.Build.0 = Ad-Hoc|iPhoneSimulator
		{8C66295F-0A72-4702-877A-26FE572CE103}.Ad-Hoc|x64.ActiveCfg = Ad-Hoc|iPhone
		{8C66295F-0A72-4702-877A-26FE572CE103}.Ad-Hoc|x86.ActiveCfg = Ad-Hoc|iPhone
		{8C66295F-0A72-4702-877A-26FE572CE103}.AppStore|Any CPU.ActiveCfg = AppStore|iPhone
		{8C66295F-0A72-4702-877A-26FE572CE103}.AppStore|ARM.ActiveCfg = AppStore|iPhone
		{8C66295F-0A72-4702-877A-26FE572CE103}.AppStore|iPhone.ActiveCfg = AppStore|iPhone
		{8C66295F-0A72-4702-877A-26FE572CE103}.AppStore|iPhone.Build.0 = AppStore|iPhone
		{8C66295F-0A72-4702-877A-26FE572CE103}.AppStore|iPhoneSimulator.ActiveCfg = AppStore|iPhoneSimulator
		{8C66295F-0A72-4702-877A-26FE572CE103}.AppStore|iPhoneSimulator.Build.0 = AppStore|iPhoneSimulator
		{8C66295F-0A72-4702-877A-26FE572CE103}.AppStore|x64.ActiveCfg = AppStore|iPhone
		{8C66295F-0A72-4702-877A-26FE572CE103}.AppStore|x86.ActiveCfg = AppStore|iPhone
		{8C66295F-0A72-4702-877A-26FE572CE103}.Debug|Any CPU.ActiveCfg = Debug|iPhoneSimulator
		{8C66295F-0A72-4702-877A-26FE572CE103}.Debug|Any CPU.Build.0 = Debug|iPhoneSimulator
		{8C66295F-0A72-4702-877A-26FE572CE103}.Debug|ARM.ActiveCfg = Debug|iPhone
		{8C66295F-0A72-4702-877A-26FE572CE103}.Debug|iPhone.ActiveCfg = Debug|iPhone
		{8C66295F-0A72-4702-877A-26FE572CE103}.Debug|iPhone.Build.0 = Debug|iPhone
		{8C66295F-0A72-4702-877A-26FE572CE103}.Debug|iPhoneSimulator.ActiveCfg = Debug|iPhoneSimulator
		{8C66295F-0A72-4702-877A-26FE572CE103}.Debug|iPhoneSimulator.Build.0 = Debug|iPhoneSimulator
		{8C66295F-0A72-4702-877A-26FE572CE103}.Debug|x64.ActiveCfg = Debug|iPhone
		{8C66295F-0A72-4702-877A-26FE572CE103}.Debug|x86.ActiveCfg = Debug|iPhone
		{8C66295F-0A72-4702-877A-26FE572CE103}.Release|Any CPU.ActiveCfg = Release|iPhone
		{8C66295F-0A72-4702-877A-26FE572CE103}.Release|ARM.ActiveCfg = Release|iPhone
		{8C66295F-0A72-4702-877A-26FE572CE103}.Release|iPhone.ActiveCfg = Release|iPhone
		{8C66295F-0A72-4702-877A-26FE572CE103}.Release|iPhone.Build.0 = Release|iPhone
		{8C66295F-0A72-4702-877A-26FE572CE103}.Release|iPhoneSimulator.ActiveCfg = Release|iPhoneSimulator
		{8C66295F-0A72-4702-877A-26FE572CE103}.Release|iPhoneSimulator.Build.0 = Release|iPhoneSimulator
		{8C66295F-0A72-4702-877A-26FE572CE103}.Release|x64.ActiveCfg = Release|iPhone
		{8C66295F-0A72-4702-877A-26FE572CE103}.Release|x86.ActiveCfg = Release|iPhone
		{29E3FE7F-E28B-4D92-8F83-6B5B3F54ACA9}.Ad-Hoc|Any CPU.ActiveCfg = Release|x64
		{29E3FE7F-E28B-4D92-8F83-6B5B3F54ACA9}.Ad-Hoc|Any CPU.Build.0 = Release|x64
		{29E3FE7F-E28B-4D92-8F83-6B5B3F54ACA9}.Ad-Hoc|Any CPU.Deploy.0 = Release|x64
		{29E3FE7F-E28B-4D92-8F83-6B5B3F54ACA9}.Ad-Hoc|ARM.ActiveCfg = Release|ARM
		{29E3FE7F-E28B-4D92-8F83-6B5B3F54ACA9}.Ad-Hoc|ARM.Build.0 = Release|ARM
		{29E3FE7F-E28B-4D92-8F83-6B5B3F54ACA9}.Ad-Hoc|ARM.Deploy.0 = Release|ARM
		{29E3FE7F-E28B-4D92-8F83-6B5B3F54ACA9}.Ad-Hoc|iPhone.ActiveCfg = Release|x64
		{29E3FE7F-E28B-4D92-8F83-6B5B3F54ACA9}.Ad-Hoc|iPhone.Build.0 = Release|x64
		{29E3FE7F-E28B-4D92-8F83-6B5B3F54ACA9}.Ad-Hoc|iPhone.Deploy.0 = Release|x64
		{29E3FE7F-E28B-4D92-8F83-6B5B3F54ACA9}.Ad-Hoc|iPhoneSimulator.ActiveCfg = Release|x64
		{29E3FE7F-E28B-4D92-8F83-6B5B3F54ACA9}.Ad-Hoc|iPhoneSimulator.Build.0 = Release|x64
		{29E3FE7F-E28B-4D92-8F83-6B5B3F54ACA9}.Ad-Hoc|iPhoneSimulator.Deploy.0 = Release|x64
		{29E3FE7F-E28B-4D92-8F83-6B5B3F54ACA9}.Ad-Hoc|x64.ActiveCfg = Release|x64
		{29E3FE7F-E28B-4D92-8F83-6B5B3F54ACA9}.Ad-Hoc|x64.Build.0 = Release|x64
		{29E3FE7F-E28B-4D92-8F83-6B5B3F54ACA9}.Ad-Hoc|x64.Deploy.0 = Release|x64
		{29E3FE7F-E28B-4D92-8F83-6B5B3F54ACA9}.Ad-Hoc|x86.ActiveCfg = Release|x86
		{29E3FE7F-E28B-4D92-8F83-6B5B3F54ACA9}.Ad-Hoc|x86.Build.0 = Release|x86
		{29E3FE7F-E28B-4D92-8F83-6B5B3F54ACA9}.Ad-Hoc|x86.Deploy.0 = Release|x86
		{29E3FE7F-E28B-4D92-8F83-6B5B3F54ACA9}.AppStore|Any CPU.ActiveCfg = Release|x64
		{29E3FE7F-E28B-4D92-8F83-6B5B3F54ACA9}.AppStore|Any CPU.Build.0 = Release|x64
		{29E3FE7F-E28B-4D92-8F83-6B5B3F54ACA9}.AppStore|Any CPU.Deploy.0 = Release|x64
		{29E3FE7F-E28B-4D92-8F83-6B5B3F54ACA9}.AppStore|ARM.ActiveCfg = Release|ARM
		{29E3FE7F-E28B-4D92-8F83-6B5B3F54ACA9}.AppStore|ARM.Build.0 = Release|ARM
		{29E3FE7F-E28B-4D92-8F83-6B5B3F54ACA9}.AppStore|ARM.Deploy.0 = Release|ARM
		{29E3FE7F-E28B-4D92-8F83-6B5B3F54ACA9}.AppStore|iPhone.ActiveCfg = Release|x64
		{29E3FE7F-E28B-4D92-8F83-6B5B3F54ACA9}.AppStore|iPhone.Build.0 = Release|x64
		{29E3FE7F-E28B-4D92-8F83-6B5B3F54ACA9}.AppStore|iPhone.Deploy.0 = Release|x64
		{29E3FE7F-E28B-4D92-8F83-6B5B3F54ACA9}.AppStore|iPhoneSimulator.ActiveCfg = Release|x64
		{29E3FE7F-E28B-4D92-8F83-6B5B3F54ACA9}.AppStore|iPhoneSimulator.Build.0 = Release|x64
		{29E3FE7F-E28B-4D92-8F83-6B5B3F54ACA9}.AppStore|iPhoneSimulator.Deploy.0 = Release|x64
		{29E3FE7F-E28B-4D92-8F83-6B5B3F54ACA9}.AppStore|x64.ActiveCfg = Release|x64
		{29E3FE7F-E28B-4D92-8F83-6B5B3F54ACA9}.AppStore|x64.Build.0 = Release|x64
		{29E3FE7F-E28B-4D92-8F83-6B5B3F54ACA9}.AppStore|x64.Deploy.0 = Release|x64
		{29E3FE7F-E28B-4D92-8F83-6B5B3F54ACA9}.AppStore|x86.ActiveCfg = Release|x86
		{29E3FE7F-E28B-4D92-8F83-6B5B3F54ACA9}.AppStore|x86.Build.0 = Release|x86
		{29E3FE7F-E28B-4D92-8F83-6B5B3F54ACA9}.AppStore|x86.Deploy.0 = Release|x86
		{29E3FE7F-E28B-4D92-8F83-6B5B3F54ACA9}.Debug|Any CPU.ActiveCfg = Debug|x86
		{29E3FE7F-E28B-4D92-8F83-6B5B3F54ACA9}.Debug|ARM.ActiveCfg = Debug|ARM
		{29E3FE7F-E28B-4D92-8F83-6B5B3F54ACA9}.Debug|ARM.Build.0 = Debug|ARM
		{29E3FE7F-E28B-4D92-8F83-6B5B3F54ACA9}.Debug|ARM.Deploy.0 = Debug|ARM
		{29E3FE7F-E28B-4D92-8F83-6B5B3F54ACA9}.Debug|iPhone.ActiveCfg = Debug|x86
		{29E3FE7F-E28B-4D92-8F83-6B5B3F54ACA9}.Debug|iPhoneSimulator.ActiveCfg = Debug|x86
		{29E3FE7F-E28B-4D92-8F83-6B5B3F54ACA9}.Debug|x64.ActiveCfg = Debug|x64
		{29E3FE7F-E28B-4D92-8F83-6B5B3F54ACA9}.Debug|x64.Build.0 = Debug|x64
		{29E3FE7F-E28B-4D92-8F83-6B5B3F54ACA9}.Debug|x64.Deploy.0 = Debug|x64
		{29E3FE7F-E28B-4D92-8F83-6B5B3F54ACA9}.Debug|x86.ActiveCfg = Debug|x86
		{29E3FE7F-E28B-4D92-8F83-6B5B3F54ACA9}.Debug|x86.Build.0 = Debug|x86
		{29E3FE7F-E28B-4D92-8F83-6B5B3F54ACA9}.Debug|x86.Deploy.0 = Debug|x86
		{29E3FE7F-E28B-4D92-8F83-6B5B3F54ACA9}.Release|Any CPU.ActiveCfg = Release|x86
		{29E3FE7F-E28B-4D92-8F83-6B5B3F54ACA9}.Release|ARM.ActiveCfg = Release|ARM
		{29E3FE7F-E28B-4D92-8F83-6B5B3F54ACA9}.Release|ARM.Build.0 = Release|ARM
		{29E3FE7F-E28B-4D92-8F83-6B5B3F54ACA9}.Release|ARM.Deploy.0 = Release|ARM
		{29E3FE7F-E28B-4D92-8F83-6B5B3F54ACA9}.Release|iPhone.ActiveCfg = Release|x86
		{29E3FE7F-E28B-4D92-8F83-6B5B3F54ACA9}.Release|iPhoneSimulator.ActiveCfg = Release|x86
		{29E3FE7F-E28B-4D92-8F83-6B5B3F54ACA9}.Release|x64.ActiveCfg = Release|x64
		{29E3FE7F-E28B-4D92-8F83-6B5B3F54ACA9}.Release|x64.Build.0 = Release|x64
		{29E3FE7F-E28B-4D92-8F83-6B5B3F54ACA9}.Release|x64.Deploy.0 = Release|x64
		{29E3FE7F-E28B-4D92-8F83-6B5B3F54ACA9}.Release|x86.ActiveCfg = Release|x86
		{29E3FE7F-E28B-4D92-8F83-6B5B3F54ACA9}.Release|x86.Build.0 = Release|x86
		{29E3FE7F-E28B-4D92-8F83-6B5B3F54ACA9}.Release|x86.Deploy.0 = Release|x86
		{AA376E48-B180-4511-A676-ADF0BCC972A7}.Ad-Hoc|Any CPU.ActiveCfg = Release|Any CPU
		{AA376E48-B180-4511-A676-ADF0BCC972A7}.Ad-Hoc|Any CPU.Build.0 = Release|Any CPU
		{AA376E48-B180-4511-A676-ADF0BCC972A7}.Ad-Hoc|ARM.ActiveCfg = Release|Any CPU
		{AA376E48-B180-4511-A676-ADF0BCC972A7}.Ad-Hoc|ARM.Build.0 = Release|Any CPU
		{AA376E48-B180-4511-A676-ADF0BCC972A7}.Ad-Hoc|iPhone.ActiveCfg = Release|Any CPU
		{AA376E48-B180-4511-A676-ADF0BCC972A7}.Ad-Hoc|iPhone.Build.0 = Release|Any CPU
		{AA376E48-B180-4511-A676-ADF0BCC972A7}.Ad-Hoc|iPhoneSimulator.ActiveCfg = Release|Any CPU
		{AA376E48-B180-4511-A676-ADF0BCC972A7}.Ad-Hoc|iPhoneSimulator.Build.0 = Release|Any CPU
		{AA376E48-B180-4511-A676-ADF0BCC972A7}.Ad-Hoc|x64.ActiveCfg = Release|Any CPU
		{AA376E48-B180-4511-A676-ADF0BCC972A7}.Ad-Hoc|x64.Build.0 = Release|Any CPU
		{AA376E48-B180-4511-A676-ADF0BCC972A7}.Ad-Hoc|x86.ActiveCfg = Release|Any CPU
		{AA376E48-B180-4511-A676-ADF0BCC972A7}.Ad-Hoc|x86.Build.0 = Release|Any CPU
		{AA376E48-B180-4511-A676-ADF0BCC972A7}.AppStore|Any CPU.ActiveCfg = Release|Any CPU
		{AA376E48-B180-4511-A676-ADF0BCC972A7}.AppStore|Any CPU.Build.0 = Release|Any CPU
		{AA376E48-B180-4511-A676-ADF0BCC972A7}.AppStore|ARM.ActiveCfg = Release|Any CPU
		{AA376E48-B180-4511-A676-ADF0BCC972A7}.AppStore|ARM.Build.0 = Release|Any CPU
		{AA376E48-B180-4511-A676-ADF0BCC972A7}.AppStore|iPhone.ActiveCfg = Release|Any CPU
		{AA376E48-B180-4511-A676-ADF0BCC972A7}.AppStore|iPhone.Build.0 = Release|Any CPU
		{AA376E48-B180-4511-A676-ADF0BCC972A7}.AppStore|iPhoneSimulator.ActiveCfg = Release|Any CPU
		{AA376E48-B180-4511-A676-ADF0BCC972A7}.AppStore|iPhoneSimulator.Build.0 = Release|Any CPU
		{AA376E48-B180-4511-A676-ADF0BCC972A7}.AppStore|x64.ActiveCfg = Release|Any CPU
		{AA376E48-B180-4511-A676-ADF0BCC972A7}.AppStore|x64.Build.0 = Release|Any CPU
		{AA376E48-B180-4511-A676-ADF0BCC972A7}.AppStore|x86.ActiveCfg = Release|Any CPU
		{AA376E48-B180-4511-A676-ADF0BCC972A7}.AppStore|x86.Build.0 = Release|Any CPU
		{AA376E48-B180-4511-A676-ADF0BCC972A7}.Debug|Any CPU.ActiveCfg = Debug|Any CPU
		{AA376E48-B180-4511-A676-ADF0BCC972A7}.Debug|Any CPU.Build.0 = Debug|Any CPU
		{AA376E48-B180-4511-A676-ADF0BCC972A7}.Debug|ARM.ActiveCfg = Debug|Any CPU
		{AA376E48-B180-4511-A676-ADF0BCC972A7}.Debug|ARM.Build.0 = Debug|Any CPU
		{AA376E48-B180-4511-A676-ADF0BCC972A7}.Debug|iPhone.ActiveCfg = Debug|Any CPU
		{AA376E48-B180-4511-A676-ADF0BCC972A7}.Debug|iPhone.Build.0 = Debug|Any CPU
		{AA376E48-B180-4511-A676-ADF0BCC972A7}.Debug|iPhoneSimulator.ActiveCfg = Debug|Any CPU
		{AA376E48-B180-4511-A676-ADF0BCC972A7}.Debug|iPhoneSimulator.Build.0 = Debug|Any CPU
		{AA376E48-B180-4511-A676-ADF0BCC972A7}.Debug|x64.ActiveCfg = Debug|Any CPU
		{AA376E48-B180-4511-A676-ADF0BCC972A7}.Debug|x64.Build.0 = Debug|Any CPU
		{AA376E48-B180-4511-A676-ADF0BCC972A7}.Debug|x86.ActiveCfg = Debug|Any CPU
		{AA376E48-B180-4511-A676-ADF0BCC972A7}.Debug|x86.Build.0 = Debug|Any CPU
		{AA376E48-B180-4511-A676-ADF0BCC972A7}.Release|Any CPU.ActiveCfg = Release|Any CPU
		{AA376E48-B180-4511-A676-ADF0BCC972A7}.Release|Any CPU.Build.0 = Release|Any CPU
		{AA376E48-B180-4511-A676-ADF0BCC972A7}.Release|ARM.ActiveCfg = Release|Any CPU
		{AA376E48-B180-4511-A676-ADF0BCC972A7}.Release|ARM.Build.0 = Release|Any CPU
		{AA376E48-B180-4511-A676-ADF0BCC972A7}.Release|iPhone.ActiveCfg = Release|Any CPU
		{AA376E48-B180-4511-A676-ADF0BCC972A7}.Release|iPhone.Build.0 = Release|Any CPU
		{AA376E48-B180-4511-A676-ADF0BCC972A7}.Release|iPhoneSimulator.ActiveCfg = Release|Any CPU
		{AA376E48-B180-4511-A676-ADF0BCC972A7}.Release|iPhoneSimulator.Build.0 = Release|Any CPU
		{AA376E48-B180-4511-A676-ADF0BCC972A7}.Release|x64.ActiveCfg = Release|Any CPU
		{AA376E48-B180-4511-A676-ADF0BCC972A7}.Release|x64.Build.0 = Release|Any CPU
		{AA376E48-B180-4511-A676-ADF0BCC972A7}.Release|x86.ActiveCfg = Release|Any CPU
		{AA376E48-B180-4511-A676-ADF0BCC972A7}.Release|x86.Build.0 = Release|Any CPU
	EndGlobalSection
	GlobalSection(SolutionProperties) = preSolution
		HideSolutionNode = FALSE
	EndGlobalSection
	GlobalSection(ExtensibilityGlobals) = postSolution
		SolutionGuid = {F5399188-2304-4703-A27B-E19C3C4F7F2B}
	EndGlobalSection
EndGlobal
